
Microsoft Visual Studio Solution File, Format Version 12.00
# Visual Studio 15
VisualStudioVersion = 15.0.26430.12
MinimumVisualStudioVersion = 10.0.40219.1
Project("{FAE04EC0-301F-11D3-BF4B-00C04F79EFBC}") = "Task1", "Task1\Task1.csproj", "{A9EBFF03-F86F-48C2-A8E0-56DC8C92A8EA}"
EndProject
Project("{FAE04EC0-301F-11D3-BF4B-00C04F79EFBC}") = "Task2", "Tas2\Task2.csproj", "{83929EB6-E0EC-4378-AEBA-237DF0B2AB4E}"
EndProject
Project("{FAE04EC0-301F-11D3-BF4B-00C04F79EFBC}") = "ConsoleApp", "ConsoleApp\ConsoleApp.csproj", "{515E6566-943F-4844-8574-F48002E282A3}"
EndProject
Global
	GlobalSection(SolutionConfigurationPlatforms) = preSolution
		Debug|Any CPU = Debug|Any CPU
		Release|Any CPU = Release|Any CPU
	EndGlobalSection
	GlobalSection(ProjectConfigurationPlatforms) = postSolution
		{A9EBFF03-F86F-48C2-A8E0-56DC8C92A8EA}.Debug|Any CPU.ActiveCfg = Debug|Any CPU
		{A9EBFF03-F86F-48C2-A8E0-56DC8C92A8EA}.Debug|Any CPU.Build.0 = Debug|Any CPU
		{A9EBFF03-F86F-48C2-A8E0-56DC8C92A8EA}.Release|Any CPU.ActiveCfg = Release|Any CPU
		{A9EBFF03-F86F-48C2-A8E0-56DC8C92A8EA}.Release|Any CPU.Build.0 = Release|Any CPU
		{83929EB6-E0EC-4378-AEBA-237DF0B2AB4E}.Debug|Any CPU.ActiveCfg = Debug|Any CPU
		{83929EB6-E0EC-4378-AEBA-237DF0B2AB4E}.Debug|Any CPU.Build.0 = Debug|Any CPU
		{83929EB6-E0EC-4378-AEBA-237DF0B2AB4E}.Release|Any CPU.ActiveCfg = Release|Any CPU
		{83929EB6-E0EC-4378-AEBA-237DF0B2AB4E}.Release|Any CPU.Build.0 = Release|Any CPU
		{515E6566-943F-4844-8574-F48002E282A3}.Debug|Any CPU.ActiveCfg = Debug|Any CPU
		{515E6566-943F-4844-8574-F48002E282A3}.Debug|Any CPU.Build.0 = Debug|Any CPU
		{515E6566-943F-4844-8574-F48002E282A3}.Release|Any CPU.ActiveCfg = Release|Any CPU
		{515E6566-943F-4844-8574-F48002E282A3}.Release|Any CPU.Build.0 = Release|Any CPU
	EndGlobalSection
	GlobalSection(SolutionProperties) = preSolution
		HideSolutionNode = FALSE
	EndGlobalSection
EndGlobal
